// !$*UTF8*$!
{
	archiveVersion = 1;
	classes = {
	};
	objectVersion = 46;
	objects = {

/* Begin PBXBuildFile section */
		9E862B081EA6586B001D4CC2 /* main.m in Sources */ = {isa = PBXBuildFile; fileRef = 9E862B071EA6586B001D4CC2 /* main.m */; };
		9E862B0B1EA6586B001D4CC2 /* AppDelegate.m in Sources */ = {isa = PBXBuildFile; fileRef = 9E862B0A1EA6586B001D4CC2 /* AppDelegate.m */; };
		9E862B0E1EA6586B001D4CC2 /* ViewController.m in Sources */ = {isa = PBXBuildFile; fileRef = 9E862B0D1EA6586B001D4CC2 /* ViewController.m */; };
		9E862B111EA6586B001D4CC2 /* Main.storyboard in Resources */ = {isa = PBXBuildFile; fileRef = 9E862B0F1EA6586B001D4CC2 /* Main.storyboard */; };
		9E862B131EA6586B001D4CC2 /* Assets.xcassets in Resources */ = {isa = PBXBuildFile; fileRef = 9E862B121EA6586B001D4CC2 /* Assets.xcassets */; };
		9E862B161EA6586B001D4CC2 /* LaunchScreen.storyboard in Resources */ = {isa = PBXBuildFile; fileRef = 9E862B141EA6586B001D4CC2 /* LaunchScreen.storyboard */; };
		F3B53B19D279669D87FC56C2 /* libPods-B_Category.a in Frameworks */ = {isa = PBXBuildFile; fileRef = E3FAF145CC863027690C4E86 /* libPods-B_Category.a */; };
/* End PBXBuildFile section */

/* Begin PBXFileReference section */
		64C27A4C7AEAC682F4CBDC80 /* Pods-B_Category.release.xcconfig */ = {isa = PBXFileReference; includeInIndex = 1; lastKnownFileType = text.xcconfig; name = "Pods-B_Category.release.xcconfig"; path = "Pods/Target Support Files/Pods-B_Category/Pods-B_Category.release.xcconfig"; sourceTree = "<group>"; };
		9E862B031EA6586B001D4CC2 /* B_Category.app */ = {isa = PBXFileReference; explicitFileType = wrapper.application; includeInIndex = 0; path = B_Category.app; sourceTree = BUILT_PRODUCTS_DIR; };
		9E862B071EA6586B001D4CC2 /* main.m */ = {isa = PBXFileReference; lastKnownFileType = sourcecode.c.objc; path = main.m; sourceTree = "<group>"; };
		9E862B091EA6586B001D4CC2 /* AppDelegate.h */ = {isa = PBXFileReference; lastKnownFileType = sourcecode.c.h; path = AppDelegate.h; sourceTree = "<group>"; };
		9E862B0A1EA6586B001D4CC2 /* AppDelegate.m */ = {isa = PBXFileReference; lastKnownFileType = sourcecode.c.objc; path = AppDelegate.m; sourceTree = "<group>"; };
		9E862B0C1EA6586B001D4CC2 /* ViewController.h */ = {isa = PBXFileReference; lastKnownFileType = sourcecode.c.h; path = ViewController.h; sourceTree = "<group>"; };
		9E862B0D1EA6586B001D4CC2 /* ViewController.m */ = {isa = PBXFileReference; lastKnownFileType = sourcecode.c.objc; path = ViewController.m; sourceTree = "<group>"; };
		9E862B101EA6586B001D4CC2 /* Base */ = {isa = PBXFileReference; lastKnownFileType = file.storyboard; name = Base; path = Base.lproj/Main.storyboard; sourceTree = "<group>"; };
		9E862B121EA6586B001D4CC2 /* Assets.xcassets */ = {isa = PBXFileReference; lastKnownFileType = folder.assetcatalog; path = Assets.xcassets; sourceTree = "<group>"; };
		9E862B151EA6586B001D4CC2 /* Base */ = {isa = PBXFileReference; lastKnownFileType = file.storyboard; name = Base; path = Base.lproj/LaunchScreen.storyboard; sourceTree = "<group>"; };
		9E862B171EA6586B001D4CC2 /* Info.plist */ = {isa = PBXFileReference; lastKnownFileType = text.plist.xml; path = Info.plist; sourceTree = "<group>"; };
		AA37FA5C6C79AEFA9A4475E4 /* Pods-B_Category.debug.xcconfig */ = {isa = PBXFileReference; includeInIndex = 1; lastKnownFileType = text.xcconfig; name = "Pods-B_Category.debug.xcconfig"; path = "Pods/Target Support Files/Pods-B_Category/Pods-B_Category.debug.xcconfig"; sourceTree = "<group>"; };
		E3FAF145CC863027690C4E86 /* libPods-B_Category.a */ = {isa = PBXFileReference; explicitFileType = archive.ar; includeInIndex = 0; path = "libPods-B_Category.a"; sourceTree = BUILT_PRODUCTS_DIR; };
/* End PBXFileReference section */

/* Begin PBXFrameworksBuildPhase section */
		9E862B001EA6586B001D4CC2 /* Frameworks */ = {
			isa = PBXFrameworksBuildPhase;
			buildActionMask = 2147483647;
			files = (
				F3B53B19D279669D87FC56C2 /* libPods-B_Category.a in Frameworks */,
			);
			runOnlyForDeploymentPostprocessing = 0;
		};
/* End PBXFrameworksBuildPhase section */

/* Begin PBXGroup section */
		252807849EE60383E960EB4C /* Pods */ = {
			isa = PBXGroup;
			children = (
				AA37FA5C6C79AEFA9A4475E4 /* Pods-B_Category.debug.xcconfig */,
				64C27A4C7AEAC682F4CBDC80 /* Pods-B_Category.release.xcconfig */,
			);
			name = Pods;
			sourceTree = "<group>";
		};
		9E862AFA1EA6586B001D4CC2 = {
			isa = PBXGroup;
			children = (
				9E862B051EA6586B001D4CC2 /* B_Category */,
				9E862B041EA6586B001D4CC2 /* Products */,
				252807849EE60383E960EB4C /* Pods */,
				C10B9C08D0FD4375613204F5 /* Frameworks */,
			);
			sourceTree = "<group>";
		};
		9E862B041EA6586B001D4CC2 /* Products */ = {
			isa = PBXGroup;
			children = (
				9E862B031EA6586B001D4CC2 /* B_Category.app */,
			);
			name = Products;
			sourceTree = "<group>";
		};
		9E862B051EA6586B001D4CC2 /* B_Category */ = {
			isa = PBXGroup;
			children = (
				9E862B091EA6586B001D4CC2 /* AppDelegate.h */,
				9E862B0A1EA6586B001D4CC2 /* AppDelegate.m */,
				9E862B0C1EA6586B001D4CC2 /* ViewController.h */,
				9E862B0D1EA6586B001D4CC2 /* ViewController.m */,
				9E862B0F1EA6586B001D4CC2 /* Main.storyboard */,
				9E862B121EA6586B001D4CC2 /* Assets.xcassets */,
				9E862B141EA6586B001D4CC2 /* LaunchScreen.storyboard */,
				9E862B171EA6586B001D4CC2 /* Info.plist */,
				9E862B061EA6586B001D4CC2 /* Supporting Files */,
			);
			path = B_Category;
			sourceTree = "<group>";
		};
		9E862B061EA6586B001D4CC2 /* Supporting Files */ = {
			isa = PBXGroup;
			children = (
				9E862B071EA6586B001D4CC2 /* main.m */,
			);
			name = "Supporting Files";
			sourceTree = "<group>";
		};
		C10B9C08D0FD4375613204F5 /* Frameworks */ = {
			isa = PBXGroup;
			children = (
				E3FAF145CC863027690C4E86 /* libPods-B_Category.a */,
			);
			name = Frameworks;
			sourceTree = "<group>";
		};
/* End PBXGroup section */

/* Begin PBXNativeTarget section */
		9E862B021EA6586B001D4CC2 /* B_Category */ = {
			isa = PBXNativeTarget;
			buildConfigurationList = 9E862B1A1EA6586B001D4CC2 /* Build configuration list for PBXNativeTarget "B_Category" */;
			buildPhases = (
				12518739C82D8B76830D3FBA /* [CP] Check Pods Manifest.lock */,
				9E862AFF1EA6586B001D4CC2 /* Sources */,
				9E862B001EA6586B001D4CC2 /* Frameworks */,
				9E862B011EA6586B001D4CC2 /* Resources */,
				2E254DB1A63367E20ACB0BCE /* [CP] Embed Pods Frameworks */,
				D150A439AB1AC61DEB60DB40 /* [CP] Copy Pods Resources */,
			);
			buildRules = (
			);
			dependencies = (
			);
			name = B_Category;
			productName = B_Category;
			productReference = 9E862B031EA6586B001D4CC2 /* B_Category.app */;
			productType = "com.apple.product-type.application";
		};
/* End PBXNativeTarget section */

/* Begin PBXProject section */
		9E862AFB1EA6586B001D4CC2 /* Project object */ = {
			isa = PBXProject;
			attributes = {
				LastUpgradeCheck = 0820;
				ORGANIZATIONNAME = "weidong liu";
				TargetAttributes = {
					9E862B021EA6586B001D4CC2 = {
						CreatedOnToolsVersion = 8.2;
						DevelopmentTeam = U99S9SZPC7;
						ProvisioningStyle = Automatic;
					};
				};
			};
			buildConfigurationList = 9E862AFE1EA6586B001D4CC2 /* Build configuration list for PBXProject "B_Category" */;
			compatibilityVersion = "Xcode 3.2";
			developmentRegion = English;
			hasScannedForEncodings = 0;
			knownRegions = (
				en,
				Base,
			);
			mainGroup = 9E862AFA1EA6586B001D4CC2;
			productRefGroup = 9E862B041EA6586B001D4CC2 /* Products */;
			projectDirPath = "";
			projectRoot = "";
			targets = (
				9E862B021EA6586B001D4CC2 /* B_Category */,
			);
		};
/* End PBXProject section */

/* Begin PBXResourcesBuildPhase section */
		9E862B011EA6586B001D4CC2 /* Resources */ = {
			isa = PBXResourcesBuildPhase;
			buildActionMask = 2147483647;
			files = (
				9E862B161EA6586B001D4CC2 /* LaunchScreen.storyboard in Resources */,
				9E862B131EA6586B001D4CC2 /* Assets.xcassets in Resources */,
				9E862B111EA6586B001D4CC2 /* Main.storyboard in Resources */,
			);
			runOnlyForDeploymentPostprocessing = 0;
		};
/* End PBXResourcesBuildPhase section */

/* Begin PBXShellScriptBuildPhase section */
		12518739C82D8B76830D3FBA /* [CP] Check Pods Manifest.lock */ = {
			isa = PBXShellScriptBuildPhase;
			buildActionMask = 2147483647;
			files = (
			);
			inputPaths = (
			);
			name = "[CP] Check Pods Manifest.lock";
			outputPaths = (
			);
			runOnlyForDeploymentPostprocessing = 0;
			shellPath = /bin/sh;
			shellScript = "diff \"${PODS_ROOT}/../Podfile.lock\" \"${PODS_ROOT}/Manifest.lock\" > /dev/null\nif [ $? != 0 ] ; then\n    # print error to STDERR\n    echo \"error: The sandbox is not in sync with the Podfile.lock. Run 'pod install' or update your CocoaPods installation.\" >&2\n    exit 1\nfi\n";
			showEnvVarsInLog = 0;
		};
		2E254DB1A63367E20ACB0BCE /* [CP] Embed Pods Frameworks */ = {
			isa = PBXShellScriptBuildPhase;
			buildActionMask = 2147483647;
			files = (
			);
			inputPaths = (
			);
			name = "[CP] Embed Pods Frameworks";
			outputPaths = (
			);
			runOnlyForDeploymentPostprocessing = 0;
			shellPath = /bin/sh;
			shellScript = "\"${SRCROOT}/Pods/Target Support Files/Pods-B_Category/Pods-B_Category-frameworks.sh\"\n";
			showEnvVarsInLog = 0;
		};
		D150A439AB1AC61DEB60DB40 /* [CP] Copy Pods Resources */ = {
			isa = PBXShellScriptBuildPhase;
			buildActionMask = 2147483647;
			files = (
			);
			inputPaths = (
			);
			name = "[CP] Copy Pods Resources";
			outputPaths = (
			);
			runOnlyForDeploymentPostprocessing = 0;
			shellPath = /bin/sh;
			shellScript = "\"${SRCROOT}/Pods/Target Support Files/Pods-B_Category/Pods-B_Category-resources.sh\"\n";
			showEnvVarsInLog = 0;
		};
/* End PBXShellScriptBuildPhase section */

/* Begin PBXSourcesBuildPhase section */
		9E862AFF1EA6586B001D4CC2 /* Sources */ = {
			isa = PBXSourcesBuildPhase;
			buildActionMask = 2147483647;
			files = (
				9E862B0E1EA6586B001D4CC2 /* ViewController.m in Sources */,
				9E862B0B1EA6586B001D4CC2 /* AppDelegate.m in Sources */,
				9E862B081EA6586B001D4CC2 /* main.m in Sources */,
			);
			runOnlyForDeploymentPostprocessing = 0;
		};
/* End PBXSourcesBuildPhase section */

/* Begin PBXVariantGroup section */
		9E862B0F1EA6586B001D4CC2 /* Main.storyboard */ = {
			isa = PBXVariantGroup;
			children = (
				9E862B101EA6586B001D4CC2 /* Base */,
			);
			name = Main.storyboard;
			sourceTree = "<group>";
		};
		9E862B141EA6586B001D4CC2 /* LaunchScreen.storyboard */ = {
			isa = PBXVariantGroup;
			children = (
				9E862B151EA6586B001D4CC2 /* Base */,
			);
			name = LaunchScreen.storyboard;
			sourceTree = "<group>";
		};
/* End PBXVariantGroup section */

/* Begin XCBuildConfiguration section */
		9E862B181EA6586B001D4CC2 /* Debug */ = {
			isa = XCBuildConfiguration;
			buildSettings = {
				ALWAYS_SEARCH_USER_PATHS = NO;
				CLANG_ANALYZER_NONNULL = YES;
				CLANG_CXX_LANGUAGE_STANDARD = "gnu++0x";
				CLANG_CXX_LIBRARY = "libc++";
				CLANG_ENABLE_MODULES = YES;
				CLANG_ENABLE_OBJC_ARC = YES;
				CLANG_WARN_BOOL_CONVERSION = YES;
				CLANG_WARN_CONSTANT_CONVERSION = YES;
				CLANG_WARN_DIRECT_OBJC_ISA_USAGE = YES_ERROR;
				CLANG_WARN_DOCUMENTATION_COMMENTS = YES;
				CLANG_WARN_EMPTY_BODY = YES;
				CLANG_WARN_ENUM_CONVERSION = YES;
				CLANG_WARN_INFINITE_RECURSION = YES;
				CLANG_WARN_INT_CONVERSION = YES;
				CLANG_WARN_OBJC_ROOT_CLASS = YES_ERROR;
				CLANG_WARN_SUSPICIOUS_MOVE = YES;
				CLANG_WARN_UNREACHABLE_CODE = YES;
				CLANG_WARN__DUPLICATE_METHOD_MATCH = YES;
				"CODE_SIGN_IDENTITY[sdk=iphoneos*]" = "iPhone Developer";
				COPY_PHASE_STRIP = NO;
				DEBUG_INFORMATION_FORMAT = dwarf;
				ENABLE_STRICT_OBJC_MSGSEND = YES;
				ENABLE_TESTABILITY = YES;
				GCC_C_LANGUAGE_STANDARD = gnu99;
				GCC_DYNAMIC_NO_PIC = NO;
				GCC_NO_COMMON_BLOCKS = YES;
				GCC_OPTIMIZATION_LEVEL = 0;
				GCC_PREPROCESSOR_DEFINITIONS = (
					"DEBUG=1",
					"$(inherited)",
				);
				GCC_WARN_64_TO_32_BIT_CONVERSION = YES;
				GCC_WARN_ABOUT_RETURN_TYPE = YES_ERROR;
				GCC_WARN_UNDECLARED_SELECTOR = YES;
				GCC_WARN_UNINITIALIZED_AUTOS = YES_AGGRESSIVE;
				GCC_WARN_UNUSED_FUNCTION = YES;
				GCC_WARN_UNUSED_VARIABLE = YES;
				IPHONEOS_DEPLOYMENT_TARGET = 10.2;
				MTL_ENABLE_DEBUG_INFO = YES;
				ONLY_ACTIVE_ARCH = YES;
				SDKROOT = iphoneos;
				TARGETED_DEVICE_FAMILY = "1,2";
			};
			name = Debug;
		};
		9E862B191EA6586B001D4CC2 /* Release */ = {
			isa = XCBuildConfiguration;
			buildSettings = {
				ALWAYS_SEARCH_USER_PATHS = NO;
				CLANG_ANALYZER_NONNULL = YES;
				CLANG_CXX_LANGUAGE_STANDARD = "gnu++0x";
				CLANG_CXX_LIBRARY = "libc++";
				CLANG_ENABLE_MODULES = YES;
				CLANG_ENABLE_OBJC_ARC = YES;
				CLANG_WARN_BOOL_CONVERSION = YES;
				CLANG_WARN_CONSTANT_CONVERSION = YES;
				CLANG_WARN_DIRECT_OBJC_ISA_USAGE = YES_ERROR;
				CLANG_WARN_DOCUMENTATION_COMMENTS = YES;
				CLANG_WARN_EMPTY_BODY = YES;
				CLANG_WARN_ENUM_CONVERSION = YES;
				CLANG_WARN_INFINITE_RECURSION = YES;
				CLANG_WARN_INT_CONVERSION = YES;
				CLANG_WARN_OBJC_ROOT_CLASS = YES_ERROR;
				CLANG_WARN_SUSPICIOUS_MOVE = YES;
				CLANG_WARN_UNREACHABLE_CODE = YES;
				CLANG_WARN__DUPLICATE_METHOD_MATCH = YES;
				"CODE_SIGN_IDENTITY[sdk=iphoneos*]" = "iPhone Developer";
				COPY_PHASE_STRIP = NO;
				DEBUG_INFORMATION_FORMAT = "dwarf-with-dsym";
				ENABLE_NS_ASSERTIONS = NO;
				ENABLE_STRICT_OBJC_MSGSEND = YES;
				GCC_C_LANGUAGE_STANDARD = gnu99;
				GCC_NO_COMMON_BLOCKS = YES;
				GCC_WARN_64_TO_32_BIT_CONVERSION = YES;
				GCC_WARN_ABOUT_RETURN_TYPE = YES_ERROR;
				GCC_WARN_UNDECLARED_SELECTOR = YES;
				GCC_WARN_UNINITIALIZED_AUTOS = YES_AGGRESSIVE;
				GCC_WARN_UNUSED_FUNCTION = YES;
				GCC_WARN_UNUSED_VARIABLE = YES;
				IPHONEOS_DEPLOYMENT_TARGET = 10.2;
				MTL_ENABLE_DEBUG_INFO = NO;
				SDKROOT = iphoneos;
				TARGETED_DEVICE_FAMILY = "1,2";
				VALIDATE_PRODUCT = YES;
			};
			name = Release;
		};
		9E862B1B1EA6586B001D4CC2 /* Debug */ = {
			isa = XCBuildConfiguration;
			baseConfigurationReference = AA37FA5C6C79AEFA9A4475E4 /* Pods-B_Category.debug.xcconfig */;
			buildSettings = {
				ASSETCATALOG_COMPILER_APPICON_NAME = AppIcon;
				DEVELOPMENT_TEAM = U99S9SZPC7;
				INFOPLIST_FILE = B_Category/Info.plist;
				LD_RUNPATH_SEARCH_PATHS = "$(inherited) @executable_path/Frameworks";
				PRODUCT_BUNDLE_IDENTIFIER = "weidong-liu.B-Category";
				PRODUCT_NAME = "$(TARGET_NAME)";
			};
			name = Debug;
		};
		9E862B1C1EA6586B001D4CC2 /* Release */ = {
			isa = XCBuildConfiguration;
			baseConfigurationReference = 64C27A4C7AEAC682F4CBDC80 /* Pods-B_Category.release.xcconfig */;
			buildSettings = {
				ASSETCATALOG_COMPILER_APPICON_NAME = AppIcon;
				DEVELOPMENT_TEAM = U99S9SZPC7;
				INFOPLIST_FILE = B_Category/Info.plist;
				LD_RUNPATH_SEARCH_PATHS = "$(inherited) @executable_path/Frameworks";
				PRODUCT_BUNDLE_IDENTIFIER = "weidong-liu.B-Category";
				PRODUCT_NAME = "$(TARGET_NAME)";
			};
			name = Release;
		};
/* End XCBuildConfiguration section */

/* Begin XCConfigurationList section */
		9E862AFE1EA6586B001D4CC2 /* Build configuration list for PBXProject "B_Category" */ = {
			isa = XCConfigurationList;
			buildConfigurations = (
				9E862B181EA6586B001D4CC2 /* Debug */,
				9E862B191EA6586B001D4CC2 /* Release */,
			);
			defaultConfigurationIsVisible = 0;
			defaultConfigurationName = Release;
		};
		9E862B1A1EA6586B001D4CC2 /* Build configuration list for PBXNativeTarget "B_Category" */ = {
			isa = XCConfigurationList;
			buildConfigurations = (
				9E862B1B1EA6586B001D4CC2 /* Debug */,
				9E862B1C1EA6586B001D4CC2 /* Release */,
			);
			defaultConfigurationIsVisible = 0;
		};
/* End XCConfigurationList section */
	};
	rootObject = 9E862AFB1EA6586B001D4CC2 /* Project object */;
}
